
Microsoft Visual Studio Solution File, Format Version 12.00
# Visual Studio Version 17
VisualStudioVersion = 17.14.36429.23 d17.14
MinimumVisualStudioVersion = 10.0.40219.1
Project("{FAE04EC0-301F-11D3-BF4B-00C04F79EFBC}") = "BookLendingApplication", "BookLendingApplication.csproj", "{CAADC02C-8F9C-85AF-DC7C-DF91075A3128}"
EndProject
Global
	GlobalSection(SolutionConfigurationPlatforms) = preSolution
		Debug|Any CPU = Debug|Any CPU
		Release|Any CPU = Release|Any CPU
	EndGlobalSection
	GlobalSection(ProjectConfigurationPlatforms) = postSolution
		{CAADC02C-8F9C-85AF-DC7C-DF91075A3128}.Debug|Any CPU.ActiveCfg = Debug|Any CPU
		{CAADC02C-8F9C-85AF-DC7C-DF91075A3128}.Debug|Any CPU.Build.0 = Debug|Any CPU
		{CAADC02C-8F9C-85AF-DC7C-DF91075A3128}.Release|Any CPU.ActiveCfg = Release|Any CPU
		{CAADC02C-8F9C-85AF-DC7C-DF91075A3128}.Release|Any CPU.Build.0 = Release|Any CPU
	EndGlobalSection
	GlobalSection(SolutionProperties) = preSolution
		HideSolutionNode = FALSE
	EndGlobalSection
	GlobalSection(ExtensibilityGlobals) = postSolution
		SolutionGuid = {7FC7F781-1F86-43FB-9838-4989CC517C92}
	EndGlobalSection
EndGlobal
